{
  "name": "back-end",
  "version": "1.0.0",
  "lockfileVersion": 3,
  "requires": true,
  "packages": {
    "": {
      "name": "back-end",
      "version": "1.0.0",
      "license": "ISC",
      "workspaces": [
        "package/*"
      ],
      "dependencies": {
        "saflib-workflows": "^0.2.1"
      },
      "bin": {
        "saf-workflow": "workflow-cli.ts"
      },
      "devDependencies": {
        "@types/node": "^24.3.1"
      }
    },
    "node_modules/@isaacs/balanced-match": {
      "version": "4.0.1",
      "resolved": "https://registry.npmjs.org/@isaacs/balanced-match/-/balanced-match-4.0.1.tgz",
      "integrity": "sha512-yzMTt9lEb8Gv7zRioUilSglI0c0smZ9k5D65677DLWLtWJaXIS3CqcGyUFByYKlnUj6TkjLVs54fBl6+TiGQDQ==",
      "license": "MIT",
      "engines": {
        "node": "20 || >=22"
      }
    },
    "node_modules/@isaacs/brace-expansion": {
      "version": "5.0.0",
      "resolved": "https://registry.npmjs.org/@isaacs/brace-expansion/-/brace-expansion-5.0.0.tgz",
      "integrity": "sha512-ZT55BDLV0yv0RBm2czMiZ+SqCGO7AvmOM3G/w2xhVPH+te0aKgFjmBvGlL1dH+ql2tgGO3MVrbb3jCKyvpgnxA==",
      "license": "MIT",
      "dependencies": {
        "@isaacs/balanced-match": "^4.0.1"
      },
      "engines": {
        "node": "20 || >=22"
      }
    },
    "node_modules/@types/node": {
      "version": "24.3.1",
      "resolved": "https://registry.npmjs.org/@types/node/-/node-24.3.1.tgz",
      "integrity": "sha512-3vXmQDXy+woz+gnrTvuvNrPzekOi+Ds0ReMxw0LzBiK3a+1k0kQn9f2NWk+lgD4rJehFUmYy2gMhJ2ZI+7YP9g==",
      "dev": true,
      "license": "MIT",
      "dependencies": {
        "undici-types": "~7.10.0"
      }
    },
    "node_modules/commander": {
      "version": "14.0.0",
      "resolved": "https://registry.npmjs.org/commander/-/commander-14.0.0.tgz",
      "integrity": "sha512-2uM9rYjPvyq39NwLRqaiLtWHyDC1FvryJDa2ATTVims5YAS4PupsEQsDvP14FqhFr0P49CYDugi59xaxJlTXRA==",
      "license": "MIT",
      "engines": {
        "node": ">=20"
      }
    },
    "node_modules/minimatch": {
      "version": "10.1.1",
      "resolved": "https://registry.npmjs.org/minimatch/-/minimatch-10.1.1.tgz",
      "integrity": "sha512-enIvLvRAFZYXJzkCYG5RKmPfrFArdLv+R+lbQ53BmIMLIry74bjKzX6iHAm8WYamJkhSSEabrWN5D97XnKObjQ==",
      "license": "BlueOak-1.0.0",
      "dependencies": {
        "@isaacs/brace-expansion": "^5.0.0"
      },
      "engines": {
        "node": "20 || >=22"
      },
      "funding": {
        "url": "https://github.com/sponsors/isaacs"
      }
    },
    "node_modules/saflib-workflows": {
      "version": "0.2.1",
      "resolved": "https://registry.npmjs.org/saflib-workflows/-/saflib-workflows-0.2.1.tgz",
      "integrity": "sha512-rBhYDXa9Z6ze2iZydKgRYZ//ZPo+oBbp3+DuDLmIPyP3i50kC4UQ8WCtlckWxRdQDan1Fw8QtVxwndAjVgeXXA==",
      "license": "MIT",
      "dependencies": {
        "commander": "^14.0.0",
        "minimatch": "^10.1.1",
        "xstate": "^5.19.3"
      }
    },
    "node_modules/undici-types": {
      "version": "7.10.0",
      "resolved": "https://registry.npmjs.org/undici-types/-/undici-types-7.10.0.tgz",
      "integrity": "sha512-t5Fy/nfn+14LuOc2KNYg75vZqClpAiqscVvMygNnlsHBFpSXdJaYtXMcdNLpl/Qvc3P2cB3s6lOV51nqsFq4ag==",
      "dev": true,
      "license": "MIT"
    },
    "node_modules/xstate": {
      "version": "5.21.0",
      "resolved": "https://registry.npmjs.org/xstate/-/xstate-5.21.0.tgz",
      "integrity": "sha512-y4wmqxjyAa0tgz4k3m/MgTF1kDOahE5+xLfWt5eh1sk+43DatLhKlI8lQDJZpvihZavjbD3TUgy2PRMphhhqgQ==",
      "license": "MIT",
      "funding": {
        "type": "opencollective",
        "url": "https://opencollective.com/xstate"
      }
    }
  }
}
