{
  "name": "back-end",
  "version": "1.0.0",
  "lockfileVersion": 3,
  "requires": true,
  "packages": {
    "": {
      "name": "back-end",
      "version": "1.0.0",
      "license": "ISC",
      "workspaces": [
        "package/*"
      ],
      "dependencies": {
        "saflib-workflows": "file:./package"
      },
      "bin": {
        "saf-workflow": "workflow-cli.ts"
      }
    },
    "node_modules/commander": {
      "version": "14.0.0",
      "resolved": "https://registry.npmjs.org/commander/-/commander-14.0.0.tgz",
      "integrity": "sha512-2uM9rYjPvyq39NwLRqaiLtWHyDC1FvryJDa2ATTVims5YAS4PupsEQsDvP14FqhFr0P49CYDugi59xaxJlTXRA==",
      "license": "MIT",
      "engines": {
        "node": ">=20"
      }
    },
    "node_modules/saflib-workflows": {
      "resolved": "package",
      "link": true
    },
    "node_modules/xstate": {
      "version": "5.21.0",
      "resolved": "https://registry.npmjs.org/xstate/-/xstate-5.21.0.tgz",
      "integrity": "sha512-y4wmqxjyAa0tgz4k3m/MgTF1kDOahE5+xLfWt5eh1sk+43DatLhKlI8lQDJZpvihZavjbD3TUgy2PRMphhhqgQ==",
      "license": "MIT",
      "funding": {
        "type": "opencollective",
        "url": "https://opencollective.com/xstate"
      }
    },
    "package": {
      "name": "saflib-workflows",
      "version": "0.0.1",
      "dependencies": {
        "commander": "^14.0.0",
        "xstate": "^5.19.3"
      }
    }
  }
}
